// !$*UTF8*$!
{
	archiveVersion = 1;
	classes = {
	};
	objectVersion = 56;
	objects = {

/* Begin PBXBuildFile section */
		6AD49AFA2B153350008EC819 /* BuddyFinderApp.swift in Sources */ = {isa = PBXBuildFile; fileRef = 6AD49AF92B153350008EC819 /* BuddyFinderApp.swift */; };
		6AD49AFC2B153350008EC819 /* ContentView.swift in Sources */ = {isa = PBXBuildFile; fileRef = 6AD49AFB2B153350008EC819 /* ContentView.swift */; };
		6AD49AFE2B153352008EC819 /* Assets.xcassets in Resources */ = {isa = PBXBuildFile; fileRef = 6AD49AFD2B153352008EC819 /* Assets.xcassets */; };
		6AD49B012B153352008EC819 /* Preview Assets.xcassets in Resources */ = {isa = PBXBuildFile; fileRef = 6AD49B002B153352008EC819 /* Preview Assets.xcassets */; };
		6AD49B0B2B153352008EC819 /* BuddyFinderTests.swift in Sources */ = {isa = PBXBuildFile; fileRef = 6AD49B0A2B153352008EC819 /* BuddyFinderTests.swift */; };
		6AD49B152B153352008EC819 /* BuddyFinderUITests.swift in Sources */ = {isa = PBXBuildFile; fileRef = 6AD49B142B153352008EC819 /* BuddyFinderUITests.swift */; };
		6AD49B172B153352008EC819 /* BuddyFinderUITestsLaunchTests.swift in Sources */ = {isa = PBXBuildFile; fileRef = 6AD49B162B153352008EC819 /* BuddyFinderUITestsLaunchTests.swift */; };
/* End PBXBuildFile section */

/* Begin PBXContainerItemProxy section */
		6AD49B072B153352008EC819 /* PBXContainerItemProxy */ = {
			isa = PBXContainerItemProxy;
			containerPortal = 6AD49AEE2B153350008EC819 /* Project object */;
			proxyType = 1;
			remoteGlobalIDString = 6AD49AF52B153350008EC819;
			remoteInfo = BuddyFinder;
		};
		6AD49B112B153352008EC819 /* PBXContainerItemProxy */ = {
			isa = PBXContainerItemProxy;
			containerPortal = 6AD49AEE2B153350008EC819 /* Project object */;
			proxyType = 1;
			remoteGlobalIDString = 6AD49AF52B153350008EC819;
			remoteInfo = BuddyFinder;
		};
/* End PBXContainerItemProxy section */

/* Begin PBXFileReference section */
		6AD49AF62B153350008EC819 /* BuddyFinder.app */ = {isa = PBXFileReference; explicitFileType = wrapper.application; includeInIndex = 0; path = BuddyFinder.app; sourceTree = BUILT_PRODUCTS_DIR; };
		6AD49AF92B153350008EC819 /* BuddyFinderApp.swift */ = {isa = PBXFileReference; lastKnownFileType = sourcecode.swift; path = BuddyFinderApp.swift; sourceTree = "<group>"; };
		6AD49AFB2B153350008EC819 /* ContentView.swift */ = {isa = PBXFileReference; lastKnownFileType = sourcecode.swift; path = ContentView.swift; sourceTree = "<group>"; };
		6AD49AFD2B153352008EC819 /* Assets.xcassets */ = {isa = PBXFileReference; lastKnownFileType = folder.assetcatalog; path = Assets.xcassets; sourceTree = "<group>"; };
		6AD49B002B153352008EC819 /* Preview Assets.xcassets */ = {isa = PBXFileReference; lastKnownFileType = folder.assetcatalog; path = "Preview Assets.xcassets"; sourceTree = "<group>"; };
		6AD49B062B153352008EC819 /* BuddyFinderTests.xctest */ = {isa = PBXFileReference; explicitFileType = wrapper.cfbundle; includeInIndex = 0; path = BuddyFinderTests.xctest; sourceTree = BUILT_PRODUCTS_DIR; };
		6AD49B0A2B153352008EC819 /* BuddyFinderTests.swift */ = {isa = PBXFileReference; lastKnownFileType = sourcecode.swift; path = BuddyFinderTests.swift; sourceTree = "<group>"; };
		6AD49B102B153352008EC819 /* BuddyFinderUITests.xctest */ = {isa = PBXFileReference; explicitFileType = wrapper.cfbundle; includeInIndex = 0; path = BuddyFinderUITests.xctest; sourceTree = BUILT_PRODUCTS_DIR; };
		6AD49B142B153352008EC819 /* BuddyFinderUITests.swift */ = {isa = PBXFileReference; lastKnownFileType = sourcecode.swift; path = BuddyFinderUITests.swift; sourceTree = "<group>"; };
		6AD49B162B153352008EC819 /* BuddyFinderUITestsLaunchTests.swift */ = {isa = PBXFileReference; lastKnownFileType = sourcecode.swift; path = BuddyFinderUITestsLaunchTests.swift; sourceTree = "<group>"; };
/* End PBXFileReference section */

/* Begin PBXFrameworksBuildPhase section */
		6AD49AF32B153350008EC819 /* Frameworks */ = {
			isa = PBXFrameworksBuildPhase;
			buildActionMask = 2147483647;
			files = (
			);
			runOnlyForDeploymentPostprocessing = 0;
		};
		6AD49B032B153352008EC819 /* Frameworks */ = {
			isa = PBXFrameworksBuildPhase;
			buildActionMask = 2147483647;
			files = (
			);
			runOnlyForDeploymentPostprocessing = 0;
		};
		6AD49B0D2B153352008EC819 /* Frameworks */ = {
			isa = PBXFrameworksBuildPhase;
			buildActionMask = 2147483647;
			files = (
			);
			runOnlyForDeploymentPostprocessing = 0;
		};
/* End PBXFrameworksBuildPhase section */

/* Begin PBXGroup section */
		6AD49AED2B153350008EC819 = {
			isa = PBXGroup;
			children = (
				6AD49AF82B153350008EC819 /* BuddyFinder */,
				6AD49B092B153352008EC819 /* BuddyFinderTests */,
				6AD49B132B153352008EC819 /* BuddyFinderUITests */,
				6AD49AF72B153350008EC819 /* Products */,
			);
			sourceTree = "<group>";
		};
		6AD49AF72B153350008EC819 /* Products */ = {
			isa = PBXGroup;
			children = (
				6AD49AF62B153350008EC819 /* BuddyFinder.app */,
				6AD49B062B153352008EC819 /* BuddyFinderTests.xctest */,
				6AD49B102B153352008EC819 /* BuddyFinderUITests.xctest */,
			);
			name = Products;
			sourceTree = "<group>";
		};
		6AD49AF82B153350008EC819 /* BuddyFinder */ = {
			isa = PBXGroup;
			children = (
				6AD49AF92B153350008EC819 /* BuddyFinderApp.swift */,
				6AD49AFB2B153350008EC819 /* ContentView.swift */,
				6AD49AFD2B153352008EC819 /* Assets.xcassets */,
				6AD49AFF2B153352008EC819 /* Preview Content */,
			);
			path = BuddyFinder;
			sourceTree = "<group>";
		};
		6AD49AFF2B153352008EC819 /* Preview Content */ = {
			isa = PBXGroup;
			children = (
				6AD49B002B153352008EC819 /* Preview Assets.xcassets */,
			);
			path = "Preview Content";
			sourceTree = "<group>";
		};
		6AD49B092B153352008EC819 /* BuddyFinderTests */ = {
			isa = PBXGroup;
			children = (
				6AD49B0A2B153352008EC819 /* BuddyFinderTests.swift */,
			);
			path = BuddyFinderTests;
			sourceTree = "<group>";
		};
		6AD49B132B153352008EC819 /* BuddyFinderUITests */ = {
			isa = PBXGroup;
			children = (
				6AD49B142B153352008EC819 /* BuddyFinderUITests.swift */,
				6AD49B162B153352008EC819 /* BuddyFinderUITestsLaunchTests.swift */,
			);
			path = BuddyFinderUITests;
			sourceTree = "<group>";
		};
/* End PBXGroup section */

/* Begin PBXNativeTarget section */
		6AD49AF52B153350008EC819 /* BuddyFinder */ = {
			isa = PBXNativeTarget;
			buildConfigurationList = 6AD49B1A2B153352008EC819 /* Build configuration list for PBXNativeTarget "BuddyFinder" */;
			buildPhases = (
				6AD49AF22B153350008EC819 /* Sources */,
				6AD49AF32B153350008EC819 /* Frameworks */,
				6AD49AF42B153350008EC819 /* Resources */,
			);
			buildRules = (
			);
			dependencies = (
			);
			name = BuddyFinder;
			productName = BuddyFinder;
			productReference = 6AD49AF62B153350008EC819 /* BuddyFinder.app */;
			productType = "com.apple.product-type.application";
		};
		6AD49B052B153352008EC819 /* BuddyFinderTests */ = {
			isa = PBXNativeTarget;
			buildConfigurationList = 6AD49B1D2B153352008EC819 /* Build configuration list for PBXNativeTarget "BuddyFinderTests" */;
			buildPhases = (
				6AD49B022B153352008EC819 /* Sources */,
				6AD49B032B153352008EC819 /* Frameworks */,
				6AD49B042B153352008EC819 /* Resources */,
			);
			buildRules = (
			);
			dependencies = (
				6AD49B082B153352008EC819 /* PBXTargetDependency */,
			);
			name = BuddyFinderTests;
			productName = BuddyFinderTests;
			productReference = 6AD49B062B153352008EC819 /* BuddyFinderTests.xctest */;
			productType = "com.apple.product-type.bundle.unit-test";
		};
		6AD49B0F2B153352008EC819 /* BuddyFinderUITests */ = {
			isa = PBXNativeTarget;
			buildConfigurationList = 6AD49B202B153352008EC819 /* Build configuration list for PBXNativeTarget "BuddyFinderUITests" */;
			buildPhases = (
				6AD49B0C2B153352008EC819 /* Sources */,
				6AD49B0D2B153352008EC819 /* Frameworks */,
				6AD49B0E2B153352008EC819 /* Resources */,
			);
			buildRules = (
			);
			dependencies = (
				6AD49B122B153352008EC819 /* PBXTargetDependency */,
			);
			name = BuddyFinderUITests;
			productName = BuddyFinderUITests;
			productReference = 6AD49B102B153352008EC819 /* BuddyFinderUITests.xctest */;
			productType = "com.apple.product-type.bundle.ui-testing";
		};
/* End PBXNativeTarget section */

/* Begin PBXProject section */
		6AD49AEE2B153350008EC819 /* Project object */ = {
			isa = PBXProject;
			attributes = {
				BuildIndependentTargetsInParallel = 1;
				LastSwiftUpdateCheck = 1500;
				LastUpgradeCheck = 1500;
				TargetAttributes = {
					6AD49AF52B153350008EC819 = {
						CreatedOnToolsVersion = 15.0.1;
					};
					6AD49B052B153352008EC819 = {
						CreatedOnToolsVersion = 15.0.1;
						TestTargetID = 6AD49AF52B153350008EC819;
					};
					6AD49B0F2B153352008EC819 = {
						CreatedOnToolsVersion = 15.0.1;
						TestTargetID = 6AD49AF52B153350008EC819;
					};
				};
			};
			buildConfigurationList = 6AD49AF12B153350008EC819 /* Build configuration list for PBXProject "BuddyFinder" */;
			compatibilityVersion = "Xcode 14.0";
			developmentRegion = en;
			hasScannedForEncodings = 0;
			knownRegions = (
				en,
				Base,
			);
			mainGroup = 6AD49AED2B153350008EC819;
			productRefGroup = 6AD49AF72B153350008EC819 /* Products */;
			projectDirPath = "";
			projectRoot = "";
			targets = (
				6AD49AF52B153350008EC819 /* BuddyFinder */,
				6AD49B052B153352008EC819 /* BuddyFinderTests */,
				6AD49B0F2B153352008EC819 /* BuddyFinderUITests */,
			);
		};
/* End PBXProject section */

/* Begin PBXResourcesBuildPhase section */
		6AD49AF42B153350008EC819 /* Resources */ = {
			isa = PBXResourcesBuildPhase;
			buildActionMask = 2147483647;
			files = (
				6AD49B012B153352008EC819 /* Preview Assets.xcassets in Resources */,
				6AD49AFE2B153352008EC819 /* Assets.xcassets in Resources */,
			);
			runOnlyForDeploymentPostprocessing = 0;
		};
		6AD49B042B153352008EC819 /* Resources */ = {
			isa = PBXResourcesBuildPhase;
			buildActionMask = 2147483647;
			files = (
			);
			runOnlyForDeploymentPostprocessing = 0;
		};
		6AD49B0E2B153352008EC819 /* Resources */ = {
			isa = PBXResourcesBuildPhase;
			buildActionMask = 2147483647;
			files = (
			);
			runOnlyForDeploymentPostprocessing = 0;
		};
/* End PBXResourcesBuildPhase section */

/* Begin PBXSourcesBuildPhase section */
		6AD49AF22B153350008EC819 /* Sources */ = {
			isa = PBXSourcesBuildPhase;
			buildActionMask = 2147483647;
			files = (
				6AD49AFC2B153350008EC819 /* ContentView.swift in Sources */,
				6AD49AFA2B153350008EC819 /* BuddyFinderApp.swift in Sources */,
			);
			runOnlyForDeploymentPostprocessing = 0;
		};
		6AD49B022B153352008EC819 /* Sources */ = {
			isa = PBXSourcesBuildPhase;
			buildActionMask = 2147483647;
			files = (
				6AD49B0B2B153352008EC819 /* BuddyFinderTests.swift in Sources */,
			);
			runOnlyForDeploymentPostprocessing = 0;
		};
		6AD49B0C2B153352008EC819 /* Sources */ = {
			isa = PBXSourcesBuildPhase;
			buildActionMask = 2147483647;
			files = (
				6AD49B152B153352008EC819 /* BuddyFinderUITests.swift in Sources */,
				6AD49B172B153352008EC819 /* BuddyFinderUITestsLaunchTests.swift in Sources */,
			);
			runOnlyForDeploymentPostprocessing = 0;
		};
/* End PBXSourcesBuildPhase section */

/* Begin PBXTargetDependency section */
		6AD49B082B153352008EC819 /* PBXTargetDependency */ = {
			isa = PBXTargetDependency;
			target = 6AD49AF52B153350008EC819 /* BuddyFinder */;
			targetProxy = 6AD49B072B153352008EC819 /* PBXContainerItemProxy */;
		};
		6AD49B122B153352008EC819 /* PBXTargetDependency */ = {
			isa = PBXTargetDependency;
			target = 6AD49AF52B153350008EC819 /* BuddyFinder */;
			targetProxy = 6AD49B112B153352008EC819 /* PBXContainerItemProxy */;
		};
/* End PBXTargetDependency section */

/* Begin XCBuildConfiguration section */
		6AD49B182B153352008EC819 /* Debug */ = {
			isa = XCBuildConfiguration;
			buildSettings = {
				ALWAYS_SEARCH_USER_PATHS = NO;
				ASSETCATALOG_COMPILER_GENERATE_SWIFT_ASSET_SYMBOL_EXTENSIONS = YES;
				CLANG_ANALYZER_NONNULL = YES;
				CLANG_ANALYZER_NUMBER_OBJECT_CONVERSION = YES_AGGRESSIVE;
				CLANG_CXX_LANGUAGE_STANDARD = "gnu++20";
				CLANG_ENABLE_MODULES = YES;
				CLANG_ENABLE_OBJC_ARC = YES;
				CLANG_ENABLE_OBJC_WEAK = YES;
				CLANG_WARN_BLOCK_CAPTURE_AUTORELEASING = YES;
				CLANG_WARN_BOOL_CONVERSION = YES;
				CLANG_WARN_COMMA = YES;
				CLANG_WARN_CONSTANT_CONVERSION = YES;
				CLANG_WARN_DEPRECATED_OBJC_IMPLEMENTATIONS = YES;
				CLANG_WARN_DIRECT_OBJC_ISA_USAGE = YES_ERROR;
				CLANG_WARN_DOCUMENTATION_COMMENTS = YES;
				CLANG_WARN_EMPTY_BODY = YES;
				CLANG_WARN_ENUM_CONVERSION = YES;
				CLANG_WARN_INFINITE_RECURSION = YES;
				CLANG_WARN_INT_CONVERSION = YES;
				CLANG_WARN_NON_LITERAL_NULL_CONVERSION = YES;
				CLANG_WARN_OBJC_IMPLICIT_RETAIN_SELF = YES;
				CLANG_WARN_OBJC_LITERAL_CONVERSION = YES;
				CLANG_WARN_OBJC_ROOT_CLASS = YES_ERROR;
				CLANG_WARN_QUOTED_INCLUDE_IN_FRAMEWORK_HEADER = YES;
				CLANG_WARN_RANGE_LOOP_ANALYSIS = YES;
				CLANG_WARN_STRICT_PROTOTYPES = YES;
				CLANG_WARN_SUSPICIOUS_MOVE = YES;
				CLANG_WARN_UNGUARDED_AVAILABILITY = YES_AGGRESSIVE;
				CLANG_WARN_UNREACHABLE_CODE = YES;
				CLANG_WARN__DUPLICATE_METHOD_MATCH = YES;
				COPY_PHASE_STRIP = NO;
				DEBUG_INFORMATION_FORMAT = dwarf;
				ENABLE_STRICT_OBJC_MSGSEND = YES;
				ENABLE_TESTABILITY = YES;
				ENABLE_USER_SCRIPT_SANDBOXING = YES;
				GCC_C_LANGUAGE_STANDARD = gnu17;
				GCC_DYNAMIC_NO_PIC = NO;
				GCC_NO_COMMON_BLOCKS = YES;
				GCC_OPTIMIZATION_LEVEL = 0;
				GCC_PREPROCESSOR_DEFINITIONS = (
					"DEBUG=1",
					"$(inherited)",
				);
				GCC_WARN_64_TO_32_BIT_CONVERSION = YES;
				GCC_WARN_ABOUT_RETURN_TYPE = YES_ERROR;
				GCC_WARN_UNDECLARED_SELECTOR = YES;
				GCC_WARN_UNINITIALIZED_AUTOS = YES_AGGRESSIVE;
				GCC_WARN_UNUSED_FUNCTION = YES;
				GCC_WARN_UNUSED_VARIABLE = YES;
				IPHONEOS_DEPLOYMENT_TARGET = 17.0;
				LOCALIZATION_PREFERS_STRING_CATALOGS = YES;
				MTL_ENABLE_DEBUG_INFO = INCLUDE_SOURCE;
				MTL_FAST_MATH = YES;
				ONLY_ACTIVE_ARCH = YES;
				SDKROOT = iphoneos;
				SWIFT_ACTIVE_COMPILATION_CONDITIONS = "DEBUG $(inherited)";
				SWIFT_OPTIMIZATION_LEVEL = "-Onone";
			};
			name = Debug;
		};
		6AD49B192B153352008EC819 /* Release */ = {
			isa = XCBuildConfiguration;
			buildSettings = {
				ALWAYS_SEARCH_USER_PATHS = NO;
				ASSETCATALOG_COMPILER_GENERATE_SWIFT_ASSET_SYMBOL_EXTENSIONS = YES;
				CLANG_ANALYZER_NONNULL = YES;
				CLANG_ANALYZER_NUMBER_OBJECT_CONVERSION = YES_AGGRESSIVE;
				CLANG_CXX_LANGUAGE_STANDARD = "gnu++20";
				CLANG_ENABLE_MODULES = YES;
				CLANG_ENABLE_OBJC_ARC = YES;
				CLANG_ENABLE_OBJC_WEAK = YES;
				CLANG_WARN_BLOCK_CAPTURE_AUTORELEASING = YES;
				CLANG_WARN_BOOL_CONVERSION = YES;
				CLANG_WARN_COMMA = YES;
				CLANG_WARN_CONSTANT_CONVERSION = YES;
				CLANG_WARN_DEPRECATED_OBJC_IMPLEMENTATIONS = YES;
				CLANG_WARN_DIRECT_OBJC_ISA_USAGE = YES_ERROR;
				CLANG_WARN_DOCUMENTATION_COMMENTS = YES;
				CLANG_WARN_EMPTY_BODY = YES;
				CLANG_WARN_ENUM_CONVERSION = YES;
				CLANG_WARN_INFINITE_RECURSION = YES;
				CLANG_WARN_INT_CONVERSION = YES;
				CLANG_WARN_NON_LITERAL_NULL_CONVERSION = YES;
				CLANG_WARN_OBJC_IMPLICIT_RETAIN_SELF = YES;
				CLANG_WARN_OBJC_LITERAL_CONVERSION = YES;
				CLANG_WARN_OBJC_ROOT_CLASS = YES_ERROR;
				CLANG_WARN_QUOTED_INCLUDE_IN_FRAMEWORK_HEADER = YES;
				CLANG_WARN_RANGE_LOOP_ANALYSIS = YES;
				CLANG_WARN_STRICT_PROTOTYPES = YES;
				CLANG_WARN_SUSPICIOUS_MOVE = YES;
				CLANG_WARN_UNGUARDED_AVAILABILITY = YES_AGGRESSIVE;
				CLANG_WARN_UNREACHABLE_CODE = YES;
				CLANG_WARN__DUPLICATE_METHOD_MATCH = YES;
				COPY_PHASE_STRIP = NO;
				DEBUG_INFORMATION_FORMAT = "dwarf-with-dsym";
				ENABLE_NS_ASSERTIONS = NO;
				ENABLE_STRICT_OBJC_MSGSEND = YES;
				ENABLE_USER_SCRIPT_SANDBOXING = YES;
				GCC_C_LANGUAGE_STANDARD = gnu17;
				GCC_NO_COMMON_BLOCKS = YES;
				GCC_WARN_64_TO_32_BIT_CONVERSION = YES;
				GCC_WARN_ABOUT_RETURN_TYPE = YES_ERROR;
				GCC_WARN_UNDECLARED_SELECTOR = YES;
				GCC_WARN_UNINITIALIZED_AUTOS = YES_AGGRESSIVE;
				GCC_WARN_UNUSED_FUNCTION = YES;
				GCC_WARN_UNUSED_VARIABLE = YES;
				IPHONEOS_DEPLOYMENT_TARGET = 17.0;
				LOCALIZATION_PREFERS_STRING_CATALOGS = YES;
				MTL_ENABLE_DEBUG_INFO = NO;
				MTL_FAST_MATH = YES;
				SDKROOT = iphoneos;
				SWIFT_COMPILATION_MODE = wholemodule;
				VALIDATE_PRODUCT = YES;
			};
			name = Release;
		};
		6AD49B1B2B153352008EC819 /* Debug */ = {
			isa = XCBuildConfiguration;
			buildSettings = {
				ASSETCATALOG_COMPILER_APPICON_NAME = AppIcon;
				ASSETCATALOG_COMPILER_GLOBAL_ACCENT_COLOR_NAME = AccentColor;
				CODE_SIGN_STYLE = Automatic;
				CURRENT_PROJECT_VERSION = 1;
				DEVELOPMENT_ASSET_PATHS = "\"BuddyFinder/Preview Content\"";
				ENABLE_PREVIEWS = YES;
				GENERATE_INFOPLIST_FILE = YES;
				INFOPLIST_KEY_UIApplicationSceneManifest_Generation = YES;
				INFOPLIST_KEY_UIApplicationSupportsIndirectInputEvents = YES;
				INFOPLIST_KEY_UILaunchScreen_Generation = YES;
				INFOPLIST_KEY_UISupportedInterfaceOrientations_iPad = "UIInterfaceOrientationPortrait UIInterfaceOrientationPortraitUpsideDown UIInterfaceOrientationLandscapeLeft UIInterfaceOrientationLandscapeRight";
				INFOPLIST_KEY_UISupportedInterfaceOrientations_iPhone = "UIInterfaceOrientationPortrait UIInterfaceOrientationLandscapeLeft UIInterfaceOrientationLandscapeRight";
				LD_RUNPATH_SEARCH_PATHS = (
					"$(inherited)",
					"@executable_path/Frameworks",
				);
				MARKETING_VERSION = 1.0;
				PRODUCT_BUNDLE_IDENTIFIER = USC.BuddyFinder;
				PRODUCT_NAME = "$(TARGET_NAME)";
				SWIFT_EMIT_LOC_STRINGS = YES;
				SWIFT_VERSION = 5.0;
				TARGETED_DEVICE_FAMILY = "1,2";
			};
			name = Debug;
		};
		6AD49B1C2B153352008EC819 /* Release */ = {
			isa = XCBuildConfiguration;
			buildSettings = {
				ASSETCATALOG_COMPILER_APPICON_NAME = AppIcon;
				ASSETCATALOG_COMPILER_GLOBAL_ACCENT_COLOR_NAME = AccentColor;
				CODE_SIGN_STYLE = Automatic;
				CURRENT_PROJECT_VERSION = 1;
				DEVELOPMENT_ASSET_PATHS = "\"BuddyFinder/Preview Content\"";
				ENABLE_PREVIEWS = YES;
				GENERATE_INFOPLIST_FILE = YES;
				INFOPLIST_KEY_UIApplicationSceneManifest_Generation = YES;
				INFOPLIST_KEY_UIApplicationSupportsIndirectInputEvents = YES;
				INFOPLIST_KEY_UILaunchScreen_Generation = YES;
				INFOPLIST_KEY_UISupportedInterfaceOrientations_iPad = "UIInterfaceOrientationPortrait UIInterfaceOrientationPortraitUpsideDown UIInterfaceOrientationLandscapeLeft UIInterfaceOrientationLandscapeRight";
				INFOPLIST_KEY_UISupportedInterfaceOrientations_iPhone = "UIInterfaceOrientationPortrait UIInterfaceOrientationLandscapeLeft UIInterfaceOrientationLandscapeRight";
				LD_RUNPATH_SEARCH_PATHS = (
					"$(inherited)",
					"@executable_path/Frameworks",
				);
				MARKETING_VERSION = 1.0;
				PRODUCT_BUNDLE_IDENTIFIER = USC.BuddyFinder;
				PRODUCT_NAME = "$(TARGET_NAME)";
				SWIFT_EMIT_LOC_STRINGS = YES;
				SWIFT_VERSION = 5.0;
				TARGETED_DEVICE_FAMILY = "1,2";
			};
			name = Release;
		};
		6AD49B1E2B153352008EC819 /* Debug */ = {
			isa = XCBuildConfiguration;
			buildSettings = {
				ALWAYS_EMBED_SWIFT_STANDARD_LIBRARIES = YES;
				BUNDLE_LOADER = "$(TEST_HOST)";
				CODE_SIGN_STYLE = Automatic;
				CURRENT_PROJECT_VERSION = 1;
				GENERATE_INFOPLIST_FILE = YES;
				IPHONEOS_DEPLOYMENT_TARGET = 17.0;
				MARKETING_VERSION = 1.0;
				PRODUCT_BUNDLE_IDENTIFIER = USC.BuddyFinderTests;
				PRODUCT_NAME = "$(TARGET_NAME)";
				SWIFT_EMIT_LOC_STRINGS = NO;
				SWIFT_VERSION = 5.0;
				TARGETED_DEVICE_FAMILY = "1,2";
				TEST_HOST = "$(BUILT_PRODUCTS_DIR)/BuddyFinder.app/$(BUNDLE_EXECUTABLE_FOLDER_PATH)/BuddyFinder";
			};
			name = Debug;
		};
		6AD49B1F2B153352008EC819 /* Release */ = {
			isa = XCBuildConfiguration;
			buildSettings = {
				ALWAYS_EMBED_SWIFT_STANDARD_LIBRARIES = YES;
				BUNDLE_LOADER = "$(TEST_HOST)";
				CODE_SIGN_STYLE = Automatic;
				CURRENT_PROJECT_VERSION = 1;
				GENERATE_INFOPLIST_FILE = YES;
				IPHONEOS_DEPLOYMENT_TARGET = 17.0;
				MARKETING_VERSION = 1.0;
				PRODUCT_BUNDLE_IDENTIFIER = USC.BuddyFinderTests;
				PRODUCT_NAME = "$(TARGET_NAME)";
				SWIFT_EMIT_LOC_STRINGS = NO;
				SWIFT_VERSION = 5.0;
				TARGETED_DEVICE_FAMILY = "1,2";
				TEST_HOST = "$(BUILT_PRODUCTS_DIR)/BuddyFinder.app/$(BUNDLE_EXECUTABLE_FOLDER_PATH)/BuddyFinder";
			};
			name = Release;
		};
		6AD49B212B153352008EC819 /* Debug */ = {
			isa = XCBuildConfiguration;
			buildSettings = {
				ALWAYS_EMBED_SWIFT_STANDARD_LIBRARIES = YES;
				CODE_SIGN_STYLE = Automatic;
				CURRENT_PROJECT_VERSION = 1;
				GENERATE_INFOPLIST_FILE = YES;
				MARKETING_VERSION = 1.0;
				PRODUCT_BUNDLE_IDENTIFIER = USC.BuddyFinderUITests;
				PRODUCT_NAME = "$(TARGET_NAME)";
				SWIFT_EMIT_LOC_STRINGS = NO;
				SWIFT_VERSION = 5.0;
				TARGETED_DEVICE_FAMILY = "1,2";
				TEST_TARGET_NAME = BuddyFinder;
			};
			name = Debug;
		};
		6AD49B222B153352008EC819 /* Release */ = {
			isa = XCBuildConfiguration;
			buildSettings = {
				ALWAYS_EMBED_SWIFT_STANDARD_LIBRARIES = YES;
				CODE_SIGN_STYLE = Automatic;
				CURRENT_PROJECT_VERSION = 1;
				GENERATE_INFOPLIST_FILE = YES;
				MARKETING_VERSION = 1.0;
				PRODUCT_BUNDLE_IDENTIFIER = USC.BuddyFinderUITests;
				PRODUCT_NAME = "$(TARGET_NAME)";
				SWIFT_EMIT_LOC_STRINGS = NO;
				SWIFT_VERSION = 5.0;
				TARGETED_DEVICE_FAMILY = "1,2";
				TEST_TARGET_NAME = BuddyFinder;
			};
			name = Release;
		};
/* End XCBuildConfiguration section */

/* Begin XCConfigurationList section */
		6AD49AF12B153350008EC819 /* Build configuration list for PBXProject "BuddyFinder" */ = {
			isa = XCConfigurationList;
			buildConfigurations = (
				6AD49B182B153352008EC819 /* Debug */,
				6AD49B192B153352008EC819 /* Release */,
			);
			defaultConfigurationIsVisible = 0;
			defaultConfigurationName = Release;
		};
		6AD49B1A2B153352008EC819 /* Build configuration list for PBXNativeTarget "BuddyFinder" */ = {
			isa = XCConfigurationList;
			buildConfigurations = (
				6AD49B1B2B153352008EC819 /* Debug */,
				6AD49B1C2B153352008EC819 /* Release */,
			);
			defaultConfigurationIsVisible = 0;
			defaultConfigurationName = Release;
		};
		6AD49B1D2B153352008EC819 /* Build configuration list for PBXNativeTarget "BuddyFinderTests" */ = {
			isa = XCConfigurationList;
			buildConfigurations = (
				6AD49B1E2B153352008EC819 /* Debug */,
				6AD49B1F2B153352008EC819 /* Release */,
			);
			defaultConfigurationIsVisible = 0;
			defaultConfigurationName = Release;
		};
		6AD49B202B153352008EC819 /* Build configuration list for PBXNativeTarget "BuddyFinderUITests" */ = {
			isa = XCConfigurationList;
			buildConfigurations = (
				6AD49B212B153352008EC819 /* Debug */,
				6AD49B222B153352008EC819 /* Release */,
			);
			defaultConfigurationIsVisible = 0;
			defaultConfigurationName = Release;
		};
/* End XCConfigurationList section */
	};
	rootObject = 6AD49AEE2B153350008EC819 /* Project object */;
}
