// !$*UTF8*$!
{
	archiveVersion = 1;
	classes = {
	};
	objectVersion = 56;
	objects = {

/* Begin PBXBuildFile section */
		0E350FCA2B13EE1A0064EBC7 /* BuddyFinderApp.swift in Sources */ = {isa = PBXBuildFile; fileRef = 0E350FC92B13EE1A0064EBC7 /* BuddyFinderApp.swift */; };
		0E350FCC2B13EE1A0064EBC7 /* ContentView.swift in Sources */ = {isa = PBXBuildFile; fileRef = 0E350FCB2B13EE1A0064EBC7 /* ContentView.swift */; };
		0E350FCE2B13EE1F0064EBC7 /* Assets.xcassets in Resources */ = {isa = PBXBuildFile; fileRef = 0E350FCD2B13EE1F0064EBC7 /* Assets.xcassets */; };
		0E350FD12B13EE1F0064EBC7 /* Preview Assets.xcassets in Resources */ = {isa = PBXBuildFile; fileRef = 0E350FD02B13EE1F0064EBC7 /* Preview Assets.xcassets */; };
		0E350FDB2B13EE200064EBC7 /* BuddyFinderTests.swift in Sources */ = {isa = PBXBuildFile; fileRef = 0E350FDA2B13EE200064EBC7 /* BuddyFinderTests.swift */; };
		0E350FE52B13EE200064EBC7 /* BuddyFinderUITests.swift in Sources */ = {isa = PBXBuildFile; fileRef = 0E350FE42B13EE200064EBC7 /* BuddyFinderUITests.swift */; };
		0E350FE72B13EE200064EBC7 /* BuddyFinderUITestsLaunchTests.swift in Sources */ = {isa = PBXBuildFile; fileRef = 0E350FE62B13EE200064EBC7 /* BuddyFinderUITestsLaunchTests.swift */; };
		0E350FF72B13EF1C0064EBC7 /* WelcomeView.swift in Sources */ = {isa = PBXBuildFile; fileRef = 0E350FF62B13EF1C0064EBC7 /* WelcomeView.swift */; };
		0E350FF92B140AEF0064EBC7 /* HomepageView.swift in Sources */ = {isa = PBXBuildFile; fileRef = 0E350FF82B140AEF0064EBC7 /* HomepageView.swift */; };
/* End PBXBuildFile section */

/* Begin PBXContainerItemProxy section */
		0E350FD72B13EE200064EBC7 /* PBXContainerItemProxy */ = {
			isa = PBXContainerItemProxy;
			containerPortal = 0E350FBE2B13EE1A0064EBC7 /* Project object */;
			proxyType = 1;
			remoteGlobalIDString = 0E350FC52B13EE1A0064EBC7;
			remoteInfo = BuddyFinder;
		};
		0E350FE12B13EE200064EBC7 /* PBXContainerItemProxy */ = {
			isa = PBXContainerItemProxy;
			containerPortal = 0E350FBE2B13EE1A0064EBC7 /* Project object */;
			proxyType = 1;
			remoteGlobalIDString = 0E350FC52B13EE1A0064EBC7;
			remoteInfo = BuddyFinder;
		};
/* End PBXContainerItemProxy section */

/* Begin PBXFileReference section */
		0E350FC62B13EE1A0064EBC7 /* BuddyFinder.app */ = {isa = PBXFileReference; explicitFileType = wrapper.application; includeInIndex = 0; path = BuddyFinder.app; sourceTree = BUILT_PRODUCTS_DIR; };
		0E350FC92B13EE1A0064EBC7 /* BuddyFinderApp.swift */ = {isa = PBXFileReference; lastKnownFileType = sourcecode.swift; path = BuddyFinderApp.swift; sourceTree = "<group>"; };
		0E350FCB2B13EE1A0064EBC7 /* ContentView.swift */ = {isa = PBXFileReference; lastKnownFileType = sourcecode.swift; path = ContentView.swift; sourceTree = "<group>"; };
		0E350FCD2B13EE1F0064EBC7 /* Assets.xcassets */ = {isa = PBXFileReference; lastKnownFileType = folder.assetcatalog; path = Assets.xcassets; sourceTree = "<group>"; };
		0E350FD02B13EE1F0064EBC7 /* Preview Assets.xcassets */ = {isa = PBXFileReference; lastKnownFileType = folder.assetcatalog; path = "Preview Assets.xcassets"; sourceTree = "<group>"; };
		0E350FD62B13EE200064EBC7 /* BuddyFinderTests.xctest */ = {isa = PBXFileReference; explicitFileType = wrapper.cfbundle; includeInIndex = 0; path = BuddyFinderTests.xctest; sourceTree = BUILT_PRODUCTS_DIR; };
		0E350FDA2B13EE200064EBC7 /* BuddyFinderTests.swift */ = {isa = PBXFileReference; lastKnownFileType = sourcecode.swift; path = BuddyFinderTests.swift; sourceTree = "<group>"; };
		0E350FE02B13EE200064EBC7 /* BuddyFinderUITests.xctest */ = {isa = PBXFileReference; explicitFileType = wrapper.cfbundle; includeInIndex = 0; path = BuddyFinderUITests.xctest; sourceTree = BUILT_PRODUCTS_DIR; };
		0E350FE42B13EE200064EBC7 /* BuddyFinderUITests.swift */ = {isa = PBXFileReference; lastKnownFileType = sourcecode.swift; path = BuddyFinderUITests.swift; sourceTree = "<group>"; };
		0E350FE62B13EE200064EBC7 /* BuddyFinderUITestsLaunchTests.swift */ = {isa = PBXFileReference; lastKnownFileType = sourcecode.swift; path = BuddyFinderUITestsLaunchTests.swift; sourceTree = "<group>"; };
		0E350FF62B13EF1C0064EBC7 /* WelcomeView.swift */ = {isa = PBXFileReference; lastKnownFileType = sourcecode.swift; path = WelcomeView.swift; sourceTree = "<group>"; };
		0E350FF82B140AEF0064EBC7 /* HomepageView.swift */ = {isa = PBXFileReference; lastKnownFileType = sourcecode.swift; path = HomepageView.swift; sourceTree = "<group>"; };
/* End PBXFileReference section */

/* Begin PBXFrameworksBuildPhase section */
		0E350FC32B13EE1A0064EBC7 /* Frameworks */ = {
			isa = PBXFrameworksBuildPhase;
			buildActionMask = 2147483647;
			files = (
			);
			runOnlyForDeploymentPostprocessing = 0;
		};
		0E350FD32B13EE200064EBC7 /* Frameworks */ = {
			isa = PBXFrameworksBuildPhase;
			buildActionMask = 2147483647;
			files = (
			);
			runOnlyForDeploymentPostprocessing = 0;
		};
		0E350FDD2B13EE200064EBC7 /* Frameworks */ = {
			isa = PBXFrameworksBuildPhase;
			buildActionMask = 2147483647;
			files = (
			);
			runOnlyForDeploymentPostprocessing = 0;
		};
/* End PBXFrameworksBuildPhase section */

/* Begin PBXGroup section */
		0E350FBD2B13EE1A0064EBC7 = {
			isa = PBXGroup;
			children = (
				0E350FF52B13EEFE0064EBC7 /* Views */,
				0E350FF42B13EE940064EBC7 /* Managers */,
				0E350FC82B13EE1A0064EBC7 /* BuddyFinder */,
				0E350FD92B13EE200064EBC7 /* BuddyFinderTests */,
				0E350FE32B13EE200064EBC7 /* BuddyFinderUITests */,
				0E350FC72B13EE1A0064EBC7 /* Products */,
			);
			sourceTree = "<group>";
		};
		0E350FC72B13EE1A0064EBC7 /* Products */ = {
			isa = PBXGroup;
			children = (
				0E350FC62B13EE1A0064EBC7 /* BuddyFinder.app */,
				0E350FD62B13EE200064EBC7 /* BuddyFinderTests.xctest */,
				0E350FE02B13EE200064EBC7 /* BuddyFinderUITests.xctest */,
			);
			name = Products;
			sourceTree = "<group>";
		};
		0E350FC82B13EE1A0064EBC7 /* BuddyFinder */ = {
			isa = PBXGroup;
			children = (
				0E350FC92B13EE1A0064EBC7 /* BuddyFinderApp.swift */,
				0E350FCB2B13EE1A0064EBC7 /* ContentView.swift */,
				0E350FCD2B13EE1F0064EBC7 /* Assets.xcassets */,
				0E350FCF2B13EE1F0064EBC7 /* Preview Content */,
			);
			path = BuddyFinder;
			sourceTree = "<group>";
		};
		0E350FCF2B13EE1F0064EBC7 /* Preview Content */ = {
			isa = PBXGroup;
			children = (
				0E350FD02B13EE1F0064EBC7 /* Preview Assets.xcassets */,
			);
			path = "Preview Content";
			sourceTree = "<group>";
		};
		0E350FD92B13EE200064EBC7 /* BuddyFinderTests */ = {
			isa = PBXGroup;
			children = (
				0E350FDA2B13EE200064EBC7 /* BuddyFinderTests.swift */,
			);
			path = BuddyFinderTests;
			sourceTree = "<group>";
		};
		0E350FE32B13EE200064EBC7 /* BuddyFinderUITests */ = {
			isa = PBXGroup;
			children = (
				0E350FE42B13EE200064EBC7 /* BuddyFinderUITests.swift */,
				0E350FE62B13EE200064EBC7 /* BuddyFinderUITestsLaunchTests.swift */,
			);
			path = BuddyFinderUITests;
			sourceTree = "<group>";
		};
		0E350FF42B13EE940064EBC7 /* Managers */ = {
			isa = PBXGroup;
			children = (
			);
			path = Managers;
			sourceTree = "<group>";
		};
		0E350FF52B13EEFE0064EBC7 /* Views */ = {
			isa = PBXGroup;
			children = (
				0E350FF62B13EF1C0064EBC7 /* WelcomeView.swift */,
				0E350FF82B140AEF0064EBC7 /* HomepageView.swift */,
			);
			path = Views;
			sourceTree = "<group>";
		};
/* End PBXGroup section */

/* Begin PBXNativeTarget section */
		0E350FC52B13EE1A0064EBC7 /* BuddyFinder */ = {
			isa = PBXNativeTarget;
			buildConfigurationList = 0E350FEA2B13EE200064EBC7 /* Build configuration list for PBXNativeTarget "BuddyFinder" */;
			buildPhases = (
				0E350FC22B13EE1A0064EBC7 /* Sources */,
				0E350FC32B13EE1A0064EBC7 /* Frameworks */,
				0E350FC42B13EE1A0064EBC7 /* Resources */,
			);
			buildRules = (
			);
			dependencies = (
			);
			name = BuddyFinder;
			productName = BuddyFinder;
			productReference = 0E350FC62B13EE1A0064EBC7 /* BuddyFinder.app */;
			productType = "com.apple.product-type.application";
		};
		0E350FD52B13EE200064EBC7 /* BuddyFinderTests */ = {
			isa = PBXNativeTarget;
			buildConfigurationList = 0E350FED2B13EE200064EBC7 /* Build configuration list for PBXNativeTarget "BuddyFinderTests" */;
			buildPhases = (
				0E350FD22B13EE200064EBC7 /* Sources */,
				0E350FD32B13EE200064EBC7 /* Frameworks */,
				0E350FD42B13EE200064EBC7 /* Resources */,
			);
			buildRules = (
			);
			dependencies = (
				0E350FD82B13EE200064EBC7 /* PBXTargetDependency */,
			);
			name = BuddyFinderTests;
			productName = BuddyFinderTests;
			productReference = 0E350FD62B13EE200064EBC7 /* BuddyFinderTests.xctest */;
			productType = "com.apple.product-type.bundle.unit-test";
		};
		0E350FDF2B13EE200064EBC7 /* BuddyFinderUITests */ = {
			isa = PBXNativeTarget;
			buildConfigurationList = 0E350FF02B13EE200064EBC7 /* Build configuration list for PBXNativeTarget "BuddyFinderUITests" */;
			buildPhases = (
				0E350FDC2B13EE200064EBC7 /* Sources */,
				0E350FDD2B13EE200064EBC7 /* Frameworks */,
				0E350FDE2B13EE200064EBC7 /* Resources */,
			);
			buildRules = (
			);
			dependencies = (
				0E350FE22B13EE200064EBC7 /* PBXTargetDependency */,
			);
			name = BuddyFinderUITests;
			productName = BuddyFinderUITests;
			productReference = 0E350FE02B13EE200064EBC7 /* BuddyFinderUITests.xctest */;
			productType = "com.apple.product-type.bundle.ui-testing";
		};
/* End PBXNativeTarget section */

/* Begin PBXProject section */
		0E350FBE2B13EE1A0064EBC7 /* Project object */ = {
			isa = PBXProject;
			attributes = {
				BuildIndependentTargetsInParallel = 1;
				LastSwiftUpdateCheck = 1500;
				LastUpgradeCheck = 1500;
				TargetAttributes = {
					0E350FC52B13EE1A0064EBC7 = {
						CreatedOnToolsVersion = 15.0.1;
					};
					0E350FD52B13EE200064EBC7 = {
						CreatedOnToolsVersion = 15.0.1;
						TestTargetID = 0E350FC52B13EE1A0064EBC7;
					};
					0E350FDF2B13EE200064EBC7 = {
						CreatedOnToolsVersion = 15.0.1;
						TestTargetID = 0E350FC52B13EE1A0064EBC7;
					};
				};
			};
			buildConfigurationList = 0E350FC12B13EE1A0064EBC7 /* Build configuration list for PBXProject "BuddyFinder" */;
			compatibilityVersion = "Xcode 14.0";
			developmentRegion = en;
			hasScannedForEncodings = 0;
			knownRegions = (
				en,
				Base,
			);
			mainGroup = 0E350FBD2B13EE1A0064EBC7;
			productRefGroup = 0E350FC72B13EE1A0064EBC7 /* Products */;
			projectDirPath = "";
			projectRoot = "";
			targets = (
				0E350FC52B13EE1A0064EBC7 /* BuddyFinder */,
				0E350FD52B13EE200064EBC7 /* BuddyFinderTests */,
				0E350FDF2B13EE200064EBC7 /* BuddyFinderUITests */,
			);
		};
/* End PBXProject section */

/* Begin PBXResourcesBuildPhase section */
		0E350FC42B13EE1A0064EBC7 /* Resources */ = {
			isa = PBXResourcesBuildPhase;
			buildActionMask = 2147483647;
			files = (
				0E350FD12B13EE1F0064EBC7 /* Preview Assets.xcassets in Resources */,
				0E350FCE2B13EE1F0064EBC7 /* Assets.xcassets in Resources */,
			);
			runOnlyForDeploymentPostprocessing = 0;
		};
		0E350FD42B13EE200064EBC7 /* Resources */ = {
			isa = PBXResourcesBuildPhase;
			buildActionMask = 2147483647;
			files = (
			);
			runOnlyForDeploymentPostprocessing = 0;
		};
		0E350FDE2B13EE200064EBC7 /* Resources */ = {
			isa = PBXResourcesBuildPhase;
			buildActionMask = 2147483647;
			files = (
			);
			runOnlyForDeploymentPostprocessing = 0;
		};
/* End PBXResourcesBuildPhase section */

/* Begin PBXSourcesBuildPhase section */
		0E350FC22B13EE1A0064EBC7 /* Sources */ = {
			isa = PBXSourcesBuildPhase;
			buildActionMask = 2147483647;
			files = (
				0E350FCC2B13EE1A0064EBC7 /* ContentView.swift in Sources */,
				0E350FF72B13EF1C0064EBC7 /* WelcomeView.swift in Sources */,
				0E350FF92B140AEF0064EBC7 /* HomepageView.swift in Sources */,
				0E350FCA2B13EE1A0064EBC7 /* BuddyFinderApp.swift in Sources */,
			);
			runOnlyForDeploymentPostprocessing = 0;
		};
		0E350FD22B13EE200064EBC7 /* Sources */ = {
			isa = PBXSourcesBuildPhase;
			buildActionMask = 2147483647;
			files = (
				0E350FDB2B13EE200064EBC7 /* BuddyFinderTests.swift in Sources */,
			);
			runOnlyForDeploymentPostprocessing = 0;
		};
		0E350FDC2B13EE200064EBC7 /* Sources */ = {
			isa = PBXSourcesBuildPhase;
			buildActionMask = 2147483647;
			files = (
				0E350FE52B13EE200064EBC7 /* BuddyFinderUITests.swift in Sources */,
				0E350FE72B13EE200064EBC7 /* BuddyFinderUITestsLaunchTests.swift in Sources */,
			);
			runOnlyForDeploymentPostprocessing = 0;
		};
/* End PBXSourcesBuildPhase section */

/* Begin PBXTargetDependency section */
		0E350FD82B13EE200064EBC7 /* PBXTargetDependency */ = {
			isa = PBXTargetDependency;
			target = 0E350FC52B13EE1A0064EBC7 /* BuddyFinder */;
			targetProxy = 0E350FD72B13EE200064EBC7 /* PBXContainerItemProxy */;
		};
		0E350FE22B13EE200064EBC7 /* PBXTargetDependency */ = {
			isa = PBXTargetDependency;
			target = 0E350FC52B13EE1A0064EBC7 /* BuddyFinder */;
			targetProxy = 0E350FE12B13EE200064EBC7 /* PBXContainerItemProxy */;
		};
/* End PBXTargetDependency section */

/* Begin XCBuildConfiguration section */
		0E350FE82B13EE200064EBC7 /* Debug */ = {
			isa = XCBuildConfiguration;
			buildSettings = {
				ALWAYS_SEARCH_USER_PATHS = NO;
				ASSETCATALOG_COMPILER_GENERATE_SWIFT_ASSET_SYMBOL_EXTENSIONS = YES;
				CLANG_ANALYZER_NONNULL = YES;
				CLANG_ANALYZER_NUMBER_OBJECT_CONVERSION = YES_AGGRESSIVE;
				CLANG_CXX_LANGUAGE_STANDARD = "gnu++20";
				CLANG_ENABLE_MODULES = YES;
				CLANG_ENABLE_OBJC_ARC = YES;
				CLANG_ENABLE_OBJC_WEAK = YES;
				CLANG_WARN_BLOCK_CAPTURE_AUTORELEASING = YES;
				CLANG_WARN_BOOL_CONVERSION = YES;
				CLANG_WARN_COMMA = YES;
				CLANG_WARN_CONSTANT_CONVERSION = YES;
				CLANG_WARN_DEPRECATED_OBJC_IMPLEMENTATIONS = YES;
				CLANG_WARN_DIRECT_OBJC_ISA_USAGE = YES_ERROR;
				CLANG_WARN_DOCUMENTATION_COMMENTS = YES;
				CLANG_WARN_EMPTY_BODY = YES;
				CLANG_WARN_ENUM_CONVERSION = YES;
				CLANG_WARN_INFINITE_RECURSION = YES;
				CLANG_WARN_INT_CONVERSION = YES;
				CLANG_WARN_NON_LITERAL_NULL_CONVERSION = YES;
				CLANG_WARN_OBJC_IMPLICIT_RETAIN_SELF = YES;
				CLANG_WARN_OBJC_LITERAL_CONVERSION = YES;
				CLANG_WARN_OBJC_ROOT_CLASS = YES_ERROR;
				CLANG_WARN_QUOTED_INCLUDE_IN_FRAMEWORK_HEADER = YES;
				CLANG_WARN_RANGE_LOOP_ANALYSIS = YES;
				CLANG_WARN_STRICT_PROTOTYPES = YES;
				CLANG_WARN_SUSPICIOUS_MOVE = YES;
				CLANG_WARN_UNGUARDED_AVAILABILITY = YES_AGGRESSIVE;
				CLANG_WARN_UNREACHABLE_CODE = YES;
				CLANG_WARN__DUPLICATE_METHOD_MATCH = YES;
				COPY_PHASE_STRIP = NO;
				DEBUG_INFORMATION_FORMAT = dwarf;
				ENABLE_STRICT_OBJC_MSGSEND = YES;
				ENABLE_TESTABILITY = YES;
				ENABLE_USER_SCRIPT_SANDBOXING = YES;
				GCC_C_LANGUAGE_STANDARD = gnu17;
				GCC_DYNAMIC_NO_PIC = NO;
				GCC_NO_COMMON_BLOCKS = YES;
				GCC_OPTIMIZATION_LEVEL = 0;
				GCC_PREPROCESSOR_DEFINITIONS = (
					"DEBUG=1",
					"$(inherited)",
				);
				GCC_WARN_64_TO_32_BIT_CONVERSION = YES;
				GCC_WARN_ABOUT_RETURN_TYPE = YES_ERROR;
				GCC_WARN_UNDECLARED_SELECTOR = YES;
				GCC_WARN_UNINITIALIZED_AUTOS = YES_AGGRESSIVE;
				GCC_WARN_UNUSED_FUNCTION = YES;
				GCC_WARN_UNUSED_VARIABLE = YES;
				IPHONEOS_DEPLOYMENT_TARGET = 17.0;
				LOCALIZATION_PREFERS_STRING_CATALOGS = YES;
				MTL_ENABLE_DEBUG_INFO = INCLUDE_SOURCE;
				MTL_FAST_MATH = YES;
				ONLY_ACTIVE_ARCH = YES;
				SDKROOT = iphoneos;
				SWIFT_ACTIVE_COMPILATION_CONDITIONS = "DEBUG $(inherited)";
				SWIFT_OPTIMIZATION_LEVEL = "-Onone";
			};
			name = Debug;
		};
		0E350FE92B13EE200064EBC7 /* Release */ = {
			isa = XCBuildConfiguration;
			buildSettings = {
				ALWAYS_SEARCH_USER_PATHS = NO;
				ASSETCATALOG_COMPILER_GENERATE_SWIFT_ASSET_SYMBOL_EXTENSIONS = YES;
				CLANG_ANALYZER_NONNULL = YES;
				CLANG_ANALYZER_NUMBER_OBJECT_CONVERSION = YES_AGGRESSIVE;
				CLANG_CXX_LANGUAGE_STANDARD = "gnu++20";
				CLANG_ENABLE_MODULES = YES;
				CLANG_ENABLE_OBJC_ARC = YES;
				CLANG_ENABLE_OBJC_WEAK = YES;
				CLANG_WARN_BLOCK_CAPTURE_AUTORELEASING = YES;
				CLANG_WARN_BOOL_CONVERSION = YES;
				CLANG_WARN_COMMA = YES;
				CLANG_WARN_CONSTANT_CONVERSION = YES;
				CLANG_WARN_DEPRECATED_OBJC_IMPLEMENTATIONS = YES;
				CLANG_WARN_DIRECT_OBJC_ISA_USAGE = YES_ERROR;
				CLANG_WARN_DOCUMENTATION_COMMENTS = YES;
				CLANG_WARN_EMPTY_BODY = YES;
				CLANG_WARN_ENUM_CONVERSION = YES;
				CLANG_WARN_INFINITE_RECURSION = YES;
				CLANG_WARN_INT_CONVERSION = YES;
				CLANG_WARN_NON_LITERAL_NULL_CONVERSION = YES;
				CLANG_WARN_OBJC_IMPLICIT_RETAIN_SELF = YES;
				CLANG_WARN_OBJC_LITERAL_CONVERSION = YES;
				CLANG_WARN_OBJC_ROOT_CLASS = YES_ERROR;
				CLANG_WARN_QUOTED_INCLUDE_IN_FRAMEWORK_HEADER = YES;
				CLANG_WARN_RANGE_LOOP_ANALYSIS = YES;
				CLANG_WARN_STRICT_PROTOTYPES = YES;
				CLANG_WARN_SUSPICIOUS_MOVE = YES;
				CLANG_WARN_UNGUARDED_AVAILABILITY = YES_AGGRESSIVE;
				CLANG_WARN_UNREACHABLE_CODE = YES;
				CLANG_WARN__DUPLICATE_METHOD_MATCH = YES;
				COPY_PHASE_STRIP = NO;
				DEBUG_INFORMATION_FORMAT = "dwarf-with-dsym";
				ENABLE_NS_ASSERTIONS = NO;
				ENABLE_STRICT_OBJC_MSGSEND = YES;
				ENABLE_USER_SCRIPT_SANDBOXING = YES;
				GCC_C_LANGUAGE_STANDARD = gnu17;
				GCC_NO_COMMON_BLOCKS = YES;
				GCC_WARN_64_TO_32_BIT_CONVERSION = YES;
				GCC_WARN_ABOUT_RETURN_TYPE = YES_ERROR;
				GCC_WARN_UNDECLARED_SELECTOR = YES;
				GCC_WARN_UNINITIALIZED_AUTOS = YES_AGGRESSIVE;
				GCC_WARN_UNUSED_FUNCTION = YES;
				GCC_WARN_UNUSED_VARIABLE = YES;
				IPHONEOS_DEPLOYMENT_TARGET = 17.0;
				LOCALIZATION_PREFERS_STRING_CATALOGS = YES;
				MTL_ENABLE_DEBUG_INFO = NO;
				MTL_FAST_MATH = YES;
				SDKROOT = iphoneos;
				SWIFT_COMPILATION_MODE = wholemodule;
				VALIDATE_PRODUCT = YES;
			};
			name = Release;
		};
		0E350FEB2B13EE200064EBC7 /* Debug */ = {
			isa = XCBuildConfiguration;
			buildSettings = {
				ASSETCATALOG_COMPILER_APPICON_NAME = AppIcon;
				ASSETCATALOG_COMPILER_GLOBAL_ACCENT_COLOR_NAME = AccentColor;
				CODE_SIGN_STYLE = Automatic;
				CURRENT_PROJECT_VERSION = 1;
				DEVELOPMENT_ASSET_PATHS = "\"BuddyFinder/Preview Content\"";
				ENABLE_PREVIEWS = YES;
				GENERATE_INFOPLIST_FILE = YES;
				INFOPLIST_KEY_UIApplicationSceneManifest_Generation = YES;
				INFOPLIST_KEY_UIApplicationSupportsIndirectInputEvents = YES;
				INFOPLIST_KEY_UILaunchScreen_Generation = YES;
				INFOPLIST_KEY_UISupportedInterfaceOrientations_iPad = "UIInterfaceOrientationPortrait UIInterfaceOrientationPortraitUpsideDown UIInterfaceOrientationLandscapeLeft UIInterfaceOrientationLandscapeRight";
				INFOPLIST_KEY_UISupportedInterfaceOrientations_iPhone = "UIInterfaceOrientationPortrait UIInterfaceOrientationLandscapeLeft UIInterfaceOrientationLandscapeRight";
				LD_RUNPATH_SEARCH_PATHS = (
					"$(inherited)",
					"@executable_path/Frameworks",
				);
				MARKETING_VERSION = 1.0;
				PRODUCT_BUNDLE_IDENTIFIER = "Ken-Foyle.BuddyFinder";
				PRODUCT_NAME = "$(TARGET_NAME)";
				SWIFT_EMIT_LOC_STRINGS = YES;
				SWIFT_VERSION = 5.0;
				TARGETED_DEVICE_FAMILY = "1,2";
			};
			name = Debug;
		};
		0E350FEC2B13EE200064EBC7 /* Release */ = {
			isa = XCBuildConfiguration;
			buildSettings = {
				ASSETCATALOG_COMPILER_APPICON_NAME = AppIcon;
				ASSETCATALOG_COMPILER_GLOBAL_ACCENT_COLOR_NAME = AccentColor;
				CODE_SIGN_STYLE = Automatic;
				CURRENT_PROJECT_VERSION = 1;
				DEVELOPMENT_ASSET_PATHS = "\"BuddyFinder/Preview Content\"";
				ENABLE_PREVIEWS = YES;
				GENERATE_INFOPLIST_FILE = YES;
				INFOPLIST_KEY_UIApplicationSceneManifest_Generation = YES;
				INFOPLIST_KEY_UIApplicationSupportsIndirectInputEvents = YES;
				INFOPLIST_KEY_UILaunchScreen_Generation = YES;
				INFOPLIST_KEY_UISupportedInterfaceOrientations_iPad = "UIInterfaceOrientationPortrait UIInterfaceOrientationPortraitUpsideDown UIInterfaceOrientationLandscapeLeft UIInterfaceOrientationLandscapeRight";
				INFOPLIST_KEY_UISupportedInterfaceOrientations_iPhone = "UIInterfaceOrientationPortrait UIInterfaceOrientationLandscapeLeft UIInterfaceOrientationLandscapeRight";
				LD_RUNPATH_SEARCH_PATHS = (
					"$(inherited)",
					"@executable_path/Frameworks",
				);
				MARKETING_VERSION = 1.0;
				PRODUCT_BUNDLE_IDENTIFIER = "Ken-Foyle.BuddyFinder";
				PRODUCT_NAME = "$(TARGET_NAME)";
				SWIFT_EMIT_LOC_STRINGS = YES;
				SWIFT_VERSION = 5.0;
				TARGETED_DEVICE_FAMILY = "1,2";
			};
			name = Release;
		};
		0E350FEE2B13EE200064EBC7 /* Debug */ = {
			isa = XCBuildConfiguration;
			buildSettings = {
				ALWAYS_EMBED_SWIFT_STANDARD_LIBRARIES = YES;
				BUNDLE_LOADER = "$(TEST_HOST)";
				CODE_SIGN_STYLE = Automatic;
				CURRENT_PROJECT_VERSION = 1;
				GENERATE_INFOPLIST_FILE = YES;
				IPHONEOS_DEPLOYMENT_TARGET = 17.0;
				MARKETING_VERSION = 1.0;
				PRODUCT_BUNDLE_IDENTIFIER = "Ken-Foyle.BuddyFinderTests";
				PRODUCT_NAME = "$(TARGET_NAME)";
				SWIFT_EMIT_LOC_STRINGS = NO;
				SWIFT_VERSION = 5.0;
				TARGETED_DEVICE_FAMILY = "1,2";
				TEST_HOST = "$(BUILT_PRODUCTS_DIR)/BuddyFinder.app/$(BUNDLE_EXECUTABLE_FOLDER_PATH)/BuddyFinder";
			};
			name = Debug;
		};
		0E350FEF2B13EE200064EBC7 /* Release */ = {
			isa = XCBuildConfiguration;
			buildSettings = {
				ALWAYS_EMBED_SWIFT_STANDARD_LIBRARIES = YES;
				BUNDLE_LOADER = "$(TEST_HOST)";
				CODE_SIGN_STYLE = Automatic;
				CURRENT_PROJECT_VERSION = 1;
				GENERATE_INFOPLIST_FILE = YES;
				IPHONEOS_DEPLOYMENT_TARGET = 17.0;
				MARKETING_VERSION = 1.0;
				PRODUCT_BUNDLE_IDENTIFIER = "Ken-Foyle.BuddyFinderTests";
				PRODUCT_NAME = "$(TARGET_NAME)";
				SWIFT_EMIT_LOC_STRINGS = NO;
				SWIFT_VERSION = 5.0;
				TARGETED_DEVICE_FAMILY = "1,2";
				TEST_HOST = "$(BUILT_PRODUCTS_DIR)/BuddyFinder.app/$(BUNDLE_EXECUTABLE_FOLDER_PATH)/BuddyFinder";
			};
			name = Release;
		};
		0E350FF12B13EE200064EBC7 /* Debug */ = {
			isa = XCBuildConfiguration;
			buildSettings = {
				ALWAYS_EMBED_SWIFT_STANDARD_LIBRARIES = YES;
				CODE_SIGN_STYLE = Automatic;
				CURRENT_PROJECT_VERSION = 1;
				GENERATE_INFOPLIST_FILE = YES;
				MARKETING_VERSION = 1.0;
				PRODUCT_BUNDLE_IDENTIFIER = "Ken-Foyle.BuddyFinderUITests";
				PRODUCT_NAME = "$(TARGET_NAME)";
				SWIFT_EMIT_LOC_STRINGS = NO;
				SWIFT_VERSION = 5.0;
				TARGETED_DEVICE_FAMILY = "1,2";
				TEST_TARGET_NAME = BuddyFinder;
			};
			name = Debug;
		};
		0E350FF22B13EE200064EBC7 /* Release */ = {
			isa = XCBuildConfiguration;
			buildSettings = {
				ALWAYS_EMBED_SWIFT_STANDARD_LIBRARIES = YES;
				CODE_SIGN_STYLE = Automatic;
				CURRENT_PROJECT_VERSION = 1;
				GENERATE_INFOPLIST_FILE = YES;
				MARKETING_VERSION = 1.0;
				PRODUCT_BUNDLE_IDENTIFIER = "Ken-Foyle.BuddyFinderUITests";
				PRODUCT_NAME = "$(TARGET_NAME)";
				SWIFT_EMIT_LOC_STRINGS = NO;
				SWIFT_VERSION = 5.0;
				TARGETED_DEVICE_FAMILY = "1,2";
				TEST_TARGET_NAME = BuddyFinder;
			};
			name = Release;
		};
/* End XCBuildConfiguration section */

/* Begin XCConfigurationList section */
		0E350FC12B13EE1A0064EBC7 /* Build configuration list for PBXProject "BuddyFinder" */ = {
			isa = XCConfigurationList;
			buildConfigurations = (
				0E350FE82B13EE200064EBC7 /* Debug */,
				0E350FE92B13EE200064EBC7 /* Release */,
			);
			defaultConfigurationIsVisible = 0;
			defaultConfigurationName = Release;
		};
		0E350FEA2B13EE200064EBC7 /* Build configuration list for PBXNativeTarget "BuddyFinder" */ = {
			isa = XCConfigurationList;
			buildConfigurations = (
				0E350FEB2B13EE200064EBC7 /* Debug */,
				0E350FEC2B13EE200064EBC7 /* Release */,
			);
			defaultConfigurationIsVisible = 0;
			defaultConfigurationName = Release;
		};
		0E350FED2B13EE200064EBC7 /* Build configuration list for PBXNativeTarget "BuddyFinderTests" */ = {
			isa = XCConfigurationList;
			buildConfigurations = (
				0E350FEE2B13EE200064EBC7 /* Debug */,
				0E350FEF2B13EE200064EBC7 /* Release */,
			);
			defaultConfigurationIsVisible = 0;
			defaultConfigurationName = Release;
		};
		0E350FF02B13EE200064EBC7 /* Build configuration list for PBXNativeTarget "BuddyFinderUITests" */ = {
			isa = XCConfigurationList;
			buildConfigurations = (
				0E350FF12B13EE200064EBC7 /* Debug */,
				0E350FF22B13EE200064EBC7 /* Release */,
			);
			defaultConfigurationIsVisible = 0;
			defaultConfigurationName = Release;
		};
/* End XCConfigurationList section */
	};
	rootObject = 0E350FBE2B13EE1A0064EBC7 /* Project object */;
}
